
Microsoft Visual Studio Solution File, Format Version 12.00
# Visual Studio Version 17
VisualStudioVersion = 17.2.32630.192
MinimumVisualStudioVersion = 10.0.40219.1
Project("{FAE04EC0-301F-11D3-BF4B-00C04F79EFBC}") = "LambdaMinimalApi", "LambdaMinimalApi\LambdaMinimalApi.csproj", "{47820733-51CE-4F0B-A8FD-26F760670D69}"
EndProject
Project("{2150E333-8FDC-42A3-9474-1A3956D46DE8}") = "Build", "Build", "{24761E40-0DCB-4F38-A470-68949CA94A60}"
	ProjectSection(SolutionItems) = preProject
		LambdaMinimalApiCFT.json = LambdaMinimalApiCFT.json
	EndProjectSection
EndProject
Global
	GlobalSection(SolutionConfigurationPlatforms) = preSolution
		Debug|Any CPU = Debug|Any CPU
		Release|Any CPU = Release|Any CPU
	EndGlobalSection
	GlobalSection(ProjectConfigurationPlatforms) = postSolution
		{47820733-51CE-4F0B-A8FD-26F760670D69}.Debug|Any CPU.ActiveCfg = Debug|Any CPU
		{47820733-51CE-4F0B-A8FD-26F760670D69}.Debug|Any CPU.Build.0 = Debug|Any CPU
		{47820733-51CE-4F0B-A8FD-26F760670D69}.Release|Any CPU.ActiveCfg = Release|Any CPU
		{47820733-51CE-4F0B-A8FD-26F760670D69}.Release|Any CPU.Build.0 = Release|Any CPU
	EndGlobalSection
	GlobalSection(SolutionProperties) = preSolution
		HideSolutionNode = FALSE
	EndGlobalSection
	GlobalSection(ExtensibilityGlobals) = postSolution
		SolutionGuid = {6E1268A2-7993-4C78-AE5F-E4105E0E5069}
	EndGlobalSection
EndGlobal
